("quicklisp" .
 (:class qlot/source/dist:source-dist
  :initargs (:distribution "https://beta.quicklisp.org/dist/quicklisp.txt" :%version :latest)
  :version "2025-06-22"))
("ultralisp" .
 (:class qlot/source/dist:source-dist
  :initargs (:distribution "https://dist.ultralisp.org/" :%version :latest)
  :version "20260209193500"))
("ece" .
 (:class qlot/source/git:source-git
  :initargs (:remote-url "git@github.com:anthonyf/ece.git")
  :version "git-11e8e04fc6b107860a9769b3baefcc5c5489e2be"))
