("quicklisp" .
 (:class qlot/source/dist:source-dist
  :initargs (:distribution "https://beta.quicklisp.org/dist/quicklisp.txt" :%version :latest)
  :version "2025-06-22"))
("ultralisp" .
 (:class qlot/source/dist:source-dist
  :initargs (:distribution "https://dist.ultralisp.org/" :%version :latest)
  :version "20260209193500"))
("ece" .
 (:class qlot/source/git:source-git
  :initargs (:remote-url "git@github.com:anthonyf/ece.git")
  :version "git-6e48d6cfd03f5a2f2220e064e425d0c2db18a51c"))
